
Microsoft Visual Studio Solution File, Format Version 12.00
# Visual Studio Version 17
VisualStudioVersion = 17.9.34622.214
MinimumVisualStudioVersion = 10.0.40219.1
Project("{9A19103F-16F7-4668-BE54-9A1E7A4F7556}") = "BygSpyTestExample", "BygSpyTestExample\BygSpyTestExample.csproj", "{4E2A5F19-51B3-42C5-A52D-F9AA527D7D33}"
EndProject
Project("{9A19103F-16F7-4668-BE54-9A1E7A4F7556}") = "BygSpy", "BygSpy\BygSpy.csproj", "{6AAEE070-8FF6-4C6D-9476-9A8AD77DCAE5}"
EndProject
Project("{9A19103F-16F7-4668-BE54-9A1E7A4F7556}") = "BygSpyServerTest", "BygSpyServerTest\BygSpyServerTest.csproj", "{B0C14F44-ADCF-4F51-A693-357B4844E244}"
EndProject
Project("{9A19103F-16F7-4668-BE54-9A1E7A4F7556}") = "BygSpyWebAPI", "BygSpyWebAPI\BygSpyWebAPI.csproj", "{DFF787F9-3361-419B-A25F-5E9711C41360}"
EndProject
Global
	GlobalSection(SolutionConfigurationPlatforms) = preSolution
		Debug|Any CPU = Debug|Any CPU
		Release|Any CPU = Release|Any CPU
	EndGlobalSection
	GlobalSection(ProjectConfigurationPlatforms) = postSolution
		{4E2A5F19-51B3-42C5-A52D-F9AA527D7D33}.Debug|Any CPU.ActiveCfg = Debug|Any CPU
		{4E2A5F19-51B3-42C5-A52D-F9AA527D7D33}.Debug|Any CPU.Build.0 = Debug|Any CPU
		{4E2A5F19-51B3-42C5-A52D-F9AA527D7D33}.Release|Any CPU.ActiveCfg = Release|Any CPU
		{4E2A5F19-51B3-42C5-A52D-F9AA527D7D33}.Release|Any CPU.Build.0 = Release|Any CPU
		{6AAEE070-8FF6-4C6D-9476-9A8AD77DCAE5}.Debug|Any CPU.ActiveCfg = Debug|Any CPU
		{6AAEE070-8FF6-4C6D-9476-9A8AD77DCAE5}.Debug|Any CPU.Build.0 = Debug|Any CPU
		{6AAEE070-8FF6-4C6D-9476-9A8AD77DCAE5}.Release|Any CPU.ActiveCfg = Release|Any CPU
		{6AAEE070-8FF6-4C6D-9476-9A8AD77DCAE5}.Release|Any CPU.Build.0 = Release|Any CPU
		{B0C14F44-ADCF-4F51-A693-357B4844E244}.Debug|Any CPU.ActiveCfg = Debug|Any CPU
		{B0C14F44-ADCF-4F51-A693-357B4844E244}.Debug|Any CPU.Build.0 = Debug|Any CPU
		{B0C14F44-ADCF-4F51-A693-357B4844E244}.Release|Any CPU.ActiveCfg = Release|Any CPU
		{B0C14F44-ADCF-4F51-A693-357B4844E244}.Release|Any CPU.Build.0 = Release|Any CPU
		{DFF787F9-3361-419B-A25F-5E9711C41360}.Debug|Any CPU.ActiveCfg = Debug|Any CPU
		{DFF787F9-3361-419B-A25F-5E9711C41360}.Debug|Any CPU.Build.0 = Debug|Any CPU
		{DFF787F9-3361-419B-A25F-5E9711C41360}.Release|Any CPU.ActiveCfg = Release|Any CPU
		{DFF787F9-3361-419B-A25F-5E9711C41360}.Release|Any CPU.Build.0 = Release|Any CPU
	EndGlobalSection
	GlobalSection(SolutionProperties) = preSolution
		HideSolutionNode = FALSE
	EndGlobalSection
	GlobalSection(ExtensibilityGlobals) = postSolution
		SolutionGuid = {F273DEE7-19D8-420B-8BC4-B4C66D89BC9A}
	EndGlobalSection
EndGlobal
